// !$*UTF8*$!
{
	archiveVersion = 1;
	classes = {
	};
	objectVersion = 56;
	objects = {

/* Begin PBXBuildFile section */
		A2669F1E2C2333EA000BEC6E /* GoogleSignIn in Frameworks */ = {isa = PBXBuildFile; productRef = A2669F1D2C2333EA000BEC6E /* GoogleSignIn */; };
		A2669F202C2333EA000BEC6E /* GoogleSignInSwift in Frameworks */ = {isa = PBXBuildFile; productRef = A2669F1F2C2333EA000BEC6E /* GoogleSignInSwift */; };
		A2706CE02C1B253A004AB455 /* GoogleService-Info.plist in Resources */ = {isa = PBXBuildFile; fileRef = A2706CDF2C1B253A004AB455 /* GoogleService-Info.plist */; };
		A2706CE32C1B264A004AB455 /* FirebaseAnalytics in Frameworks */ = {isa = PBXBuildFile; productRef = A2706CE22C1B264A004AB455 /* FirebaseAnalytics */; };
		A2706CE52C1B264A004AB455 /* FirebaseAnalyticsSwift in Frameworks */ = {isa = PBXBuildFile; productRef = A2706CE42C1B264A004AB455 /* FirebaseAnalyticsSwift */; };
		A2706CE82C1B2C54004AB455 /* FirebaseAuth in Frameworks */ = {isa = PBXBuildFile; productRef = A2706CE72C1B2C54004AB455 /* FirebaseAuth */; };
		A2706CED2C1B2DDB004AB455 /* AuthenticationView.swift in Sources */ = {isa = PBXBuildFile; fileRef = A2706CEC2C1B2DDB004AB455 /* AuthenticationView.swift */; };
		A2706CEF2C1B3093004AB455 /* SignInEmailView.swift in Sources */ = {isa = PBXBuildFile; fileRef = A2706CEE2C1B3093004AB455 /* SignInEmailView.swift */; };
		A2706CF12C1B36EC004AB455 /* AuthenticationManager.swift in Sources */ = {isa = PBXBuildFile; fileRef = A2706CF02C1B36EC004AB455 /* AuthenticationManager.swift */; };
		A2706CF52C1BF335004AB455 /* RootView.swift in Sources */ = {isa = PBXBuildFile; fileRef = A2706CF42C1BF335004AB455 /* RootView.swift */; };
		A2706CF72C1BF8A3004AB455 /* SettingsView.swift in Sources */ = {isa = PBXBuildFile; fileRef = A2706CF62C1BF8A3004AB455 /* SettingsView.swift */; };
		A280B4FA2C291AE500CC4A45 /* SignInGoogleHelper.swift in Sources */ = {isa = PBXBuildFile; fileRef = A280B4F92C291AE500CC4A45 /* SignInGoogleHelper.swift */; };
		A280B4FD2C295B1D00CC4A45 /* CalendarView.swift in Sources */ = {isa = PBXBuildFile; fileRef = A280B4FC2C295B1D00CC4A45 /* CalendarView.swift */; };
		A280B4FF2C295B2F00CC4A45 /* ActivityView.swift in Sources */ = {isa = PBXBuildFile; fileRef = A280B4FE2C295B2F00CC4A45 /* ActivityView.swift */; };
		A280B5012C295C4F00CC4A45 /* MemberView.swift in Sources */ = {isa = PBXBuildFile; fileRef = A280B5002C295C4F00CC4A45 /* MemberView.swift */; };
		A2A2A65C2C2AAEE600247342 /* SignInAppleHelper.swift in Sources */ = {isa = PBXBuildFile; fileRef = A2A2A65B2C2AAEE600247342 /* SignInAppleHelper.swift */; };
		A2AB94952C2EA0B200C4FF73 /* FirebaseFirestore in Frameworks */ = {isa = PBXBuildFile; productRef = A2AB94942C2EA0B200C4FF73 /* FirebaseFirestore */; };
		A2AB94972C2EA0B200C4FF73 /* FirebaseFirestoreSwift in Frameworks */ = {isa = PBXBuildFile; productRef = A2AB94962C2EA0B200C4FF73 /* FirebaseFirestoreSwift */; };
		A2E93C552C32920300516E52 /* SettingsViewModel.swift in Sources */ = {isa = PBXBuildFile; fileRef = A2E93C542C32920300516E52 /* SettingsViewModel.swift */; };
		A2E93C582C32928600516E52 /* AuthenticationViewModel.swift in Sources */ = {isa = PBXBuildFile; fileRef = A2E93C572C32928600516E52 /* AuthenticationViewModel.swift */; };
		A2E93C5B2C3292EE00516E52 /* SignInEmailViewModel.swift in Sources */ = {isa = PBXBuildFile; fileRef = A2E93C5A2C3292EE00516E52 /* SignInEmailViewModel.swift */; };
		A2E93C5E2C32938E00516E52 /* ProfileView.swift in Sources */ = {isa = PBXBuildFile; fileRef = A2E93C5D2C32938E00516E52 /* ProfileView.swift */; };
		A2E93C612C32ADEF00516E52 /* UserManager.swift in Sources */ = {isa = PBXBuildFile; fileRef = A2E93C602C32ADEF00516E52 /* UserManager.swift */; };
		A2EDD8F52C2484B00098B31A /* Utilities.swift in Sources */ = {isa = PBXBuildFile; fileRef = A2EDD8F42C2484B00098B31A /* Utilities.swift */; };
		A2F8E6C42C1944A700AA109D /* SecalenderApp.swift in Sources */ = {isa = PBXBuildFile; fileRef = A2F8E6C32C1944A700AA109D /* SecalenderApp.swift */; };
		A2F8E6C62C1944A700AA109D /* ContentView.swift in Sources */ = {isa = PBXBuildFile; fileRef = A2F8E6C52C1944A700AA109D /* ContentView.swift */; };
		A2F8E6C82C1944AA00AA109D /* Assets.xcassets in Resources */ = {isa = PBXBuildFile; fileRef = A2F8E6C72C1944AA00AA109D /* Assets.xcassets */; };
		A2F8E6CB2C1944AA00AA109D /* Preview Assets.xcassets in Resources */ = {isa = PBXBuildFile; fileRef = A2F8E6CA2C1944AA00AA109D /* Preview Assets.xcassets */; };
/* End PBXBuildFile section */

/* Begin PBXFileReference section */
		A2669F212C233432000BEC6E /* Info.plist */ = {isa = PBXFileReference; lastKnownFileType = text.plist.xml; path = Info.plist; sourceTree = "<group>"; };
		A2706CDF2C1B253A004AB455 /* GoogleService-Info.plist */ = {isa = PBXFileReference; fileEncoding = 4; lastKnownFileType = text.plist.xml; path = "GoogleService-Info.plist"; sourceTree = "<group>"; };
		A2706CEC2C1B2DDB004AB455 /* AuthenticationView.swift */ = {isa = PBXFileReference; lastKnownFileType = sourcecode.swift; path = AuthenticationView.swift; sourceTree = "<group>"; };
		A2706CEE2C1B3093004AB455 /* SignInEmailView.swift */ = {isa = PBXFileReference; lastKnownFileType = sourcecode.swift; path = SignInEmailView.swift; sourceTree = "<group>"; };
		A2706CF02C1B36EC004AB455 /* AuthenticationManager.swift */ = {isa = PBXFileReference; lastKnownFileType = sourcecode.swift; path = AuthenticationManager.swift; sourceTree = "<group>"; };
		A2706CF42C1BF335004AB455 /* RootView.swift */ = {isa = PBXFileReference; lastKnownFileType = sourcecode.swift; path = RootView.swift; sourceTree = "<group>"; };
		A2706CF62C1BF8A3004AB455 /* SettingsView.swift */ = {isa = PBXFileReference; lastKnownFileType = sourcecode.swift; path = SettingsView.swift; sourceTree = "<group>"; };
		A280B4F92C291AE500CC4A45 /* SignInGoogleHelper.swift */ = {isa = PBXFileReference; lastKnownFileType = sourcecode.swift; path = SignInGoogleHelper.swift; sourceTree = "<group>"; };
		A280B4FC2C295B1D00CC4A45 /* CalendarView.swift */ = {isa = PBXFileReference; lastKnownFileType = sourcecode.swift; path = CalendarView.swift; sourceTree = "<group>"; };
		A280B4FE2C295B2F00CC4A45 /* ActivityView.swift */ = {isa = PBXFileReference; lastKnownFileType = sourcecode.swift; path = ActivityView.swift; sourceTree = "<group>"; };
		A280B5002C295C4F00CC4A45 /* MemberView.swift */ = {isa = PBXFileReference; lastKnownFileType = sourcecode.swift; path = MemberView.swift; sourceTree = "<group>"; };
		A2A2A65A2C2A6DCB00247342 /* Secalender.entitlements */ = {isa = PBXFileReference; lastKnownFileType = text.plist.entitlements; path = Secalender.entitlements; sourceTree = "<group>"; };
		A2A2A65B2C2AAEE600247342 /* SignInAppleHelper.swift */ = {isa = PBXFileReference; lastKnownFileType = sourcecode.swift; path = SignInAppleHelper.swift; sourceTree = "<group>"; };
		A2E93C542C32920300516E52 /* SettingsViewModel.swift */ = {isa = PBXFileReference; lastKnownFileType = sourcecode.swift; path = SettingsViewModel.swift; sourceTree = "<group>"; };
		A2E93C572C32928600516E52 /* AuthenticationViewModel.swift */ = {isa = PBXFileReference; lastKnownFileType = sourcecode.swift; path = AuthenticationViewModel.swift; sourceTree = "<group>"; };
		A2E93C5A2C3292EE00516E52 /* SignInEmailViewModel.swift */ = {isa = PBXFileReference; lastKnownFileType = sourcecode.swift; path = SignInEmailViewModel.swift; sourceTree = "<group>"; };
		A2E93C5D2C32938E00516E52 /* ProfileView.swift */ = {isa = PBXFileReference; lastKnownFileType = sourcecode.swift; path = ProfileView.swift; sourceTree = "<group>"; };
		A2E93C602C32ADEF00516E52 /* UserManager.swift */ = {isa = PBXFileReference; lastKnownFileType = sourcecode.swift; path = UserManager.swift; sourceTree = "<group>"; };
		A2EDD8F42C2484B00098B31A /* Utilities.swift */ = {isa = PBXFileReference; lastKnownFileType = sourcecode.swift; path = Utilities.swift; sourceTree = "<group>"; };
		A2F8E6C02C1944A700AA109D /* Secalender.app */ = {isa = PBXFileReference; explicitFileType = wrapper.application; includeInIndex = 0; name = Secalender.app; path = "/Users/linping/Desktop/MyFirstProgram/Secalender/build/Debug-iphoneos/Secalender.app"; sourceTree = "<absolute>"; };
		A2F8E6C32C1944A700AA109D /* SecalenderApp.swift */ = {isa = PBXFileReference; lastKnownFileType = sourcecode.swift; path = SecalenderApp.swift; sourceTree = "<group>"; };
		A2F8E6C52C1944A700AA109D /* ContentView.swift */ = {isa = PBXFileReference; lastKnownFileType = sourcecode.swift; path = ContentView.swift; sourceTree = "<group>"; };
		A2F8E6C72C1944AA00AA109D /* Assets.xcassets */ = {isa = PBXFileReference; lastKnownFileType = folder.assetcatalog; path = Assets.xcassets; sourceTree = "<group>"; };
		A2F8E6CA2C1944AA00AA109D /* Preview Assets.xcassets */ = {isa = PBXFileReference; lastKnownFileType = folder.assetcatalog; path = "Preview Assets.xcassets"; sourceTree = "<group>"; };
/* End PBXFileReference section */

/* Begin PBXFrameworksBuildPhase section */
		A2F8E6BD2C1944A700AA109D /* Frameworks */ = {
			isa = PBXFrameworksBuildPhase;
			buildActionMask = 2147483647;
			files = (
				A2669F202C2333EA000BEC6E /* GoogleSignInSwift in Frameworks */,
				A2706CE52C1B264A004AB455 /* FirebaseAnalyticsSwift in Frameworks */,
				A2669F1E2C2333EA000BEC6E /* GoogleSignIn in Frameworks */,
				A2AB94972C2EA0B200C4FF73 /* FirebaseFirestoreSwift in Frameworks */,
				A2706CE82C1B2C54004AB455 /* FirebaseAuth in Frameworks */,
				A2706CE32C1B264A004AB455 /* FirebaseAnalytics in Frameworks */,
				A2AB94952C2EA0B200C4FF73 /* FirebaseFirestore in Frameworks */,
			);
			runOnlyForDeploymentPostprocessing = 0;
		};
/* End PBXFrameworksBuildPhase section */

/* Begin PBXGroup section */
		A2706CE92C1B2D6F004AB455 /* Authentication */ = {
			isa = PBXGroup;
			children = (
				A2706CF02C1B36EC004AB455 /* AuthenticationManager.swift */,
				A280B4F92C291AE500CC4A45 /* SignInGoogleHelper.swift */,
				A2A2A65B2C2AAEE600247342 /* SignInAppleHelper.swift */,
			);
			path = Authentication;
			sourceTree = "<group>";
		};
		A280B4FB2C295AFE00CC4A45 /* Views */ = {
			isa = PBXGroup;
			children = (
				A280B4FC2C295B1D00CC4A45 /* CalendarView.swift */,
				A280B4FE2C295B2F00CC4A45 /* ActivityView.swift */,
				A280B5002C295C4F00CC4A45 /* MemberView.swift */,
			);
			path = Views;
			sourceTree = "<group>";
		};
		A2E93C512C32915A00516E52 /* Core */ = {
			isa = PBXGroup;
			children = (
				A2706CF42C1BF335004AB455 /* RootView.swift */,
				A2E93C562C32924E00516E52 /* Authentication */,
				A2E93C5C2C32932D00516E52 /* Profile */,
				A2E93C522C3291B900516E52 /* Settings */,
			);
			path = Core;
			sourceTree = "<group>";
		};
		A2E93C522C3291B900516E52 /* Settings */ = {
			isa = PBXGroup;
			children = (
				A2706CF62C1BF8A3004AB455 /* SettingsView.swift */,
				A2E93C542C32920300516E52 /* SettingsViewModel.swift */,
			);
			path = Settings;
			sourceTree = "<group>";
		};
		A2E93C562C32924E00516E52 /* Authentication */ = {
			isa = PBXGroup;
			children = (
				A2706CEC2C1B2DDB004AB455 /* AuthenticationView.swift */,
				A2E93C572C32928600516E52 /* AuthenticationViewModel.swift */,
				A2E93C592C3292BB00516E52 /* Subviews */,
			);
			path = Authentication;
			sourceTree = "<group>";
		};
		A2E93C592C3292BB00516E52 /* Subviews */ = {
			isa = PBXGroup;
			children = (
				A2706CEE2C1B3093004AB455 /* SignInEmailView.swift */,
				A2E93C5A2C3292EE00516E52 /* SignInEmailViewModel.swift */,
			);
			path = Subviews;
			sourceTree = "<group>";
		};
		A2E93C5C2C32932D00516E52 /* Profile */ = {
			isa = PBXGroup;
			children = (
				A2E93C5D2C32938E00516E52 /* ProfileView.swift */,
			);
			path = Profile;
			sourceTree = "<group>";
		};
		A2E93C5F2C32AD9F00516E52 /* Firestore */ = {
			isa = PBXGroup;
			children = (
				A2E93C602C32ADEF00516E52 /* UserManager.swift */,
			);
			path = Firestore;
			sourceTree = "<group>";
		};
		A2EDD8F32C2484600098B31A /* Utilities */ = {
			isa = PBXGroup;
			children = (
				A2EDD8F42C2484B00098B31A /* Utilities.swift */,
			);
			path = Utilities;
			sourceTree = "<group>";
		};
		A2F8E6B72C1944A700AA109D = {
			isa = PBXGroup;
			children = (
				A2F8E6C22C1944A700AA109D /* Secalender */,
			);
			sourceTree = "<group>";
		};
		A2F8E6C22C1944A700AA109D /* Secalender */ = {
			isa = PBXGroup;
			children = (
				A2A2A65A2C2A6DCB00247342 /* Secalender.entitlements */,
				A2F8E6C32C1944A700AA109D /* SecalenderApp.swift */,
				A2F8E6C52C1944A700AA109D /* ContentView.swift */,
				A2669F212C233432000BEC6E /* Info.plist */,
				A2E93C512C32915A00516E52 /* Core */,
				A280B4FB2C295AFE00CC4A45 /* Views */,
				A2EDD8F32C2484600098B31A /* Utilities */,
				A2706CE92C1B2D6F004AB455 /* Authentication */,
				A2E93C5F2C32AD9F00516E52 /* Firestore */,
				A2706CDF2C1B253A004AB455 /* GoogleService-Info.plist */,
				A2F8E6C72C1944AA00AA109D /* Assets.xcassets */,
				A2F8E6C92C1944AA00AA109D /* Preview Content */,
			);
			path = Secalender;
			sourceTree = "<group>";
		};
		A2F8E6C92C1944AA00AA109D /* Preview Content */ = {
			isa = PBXGroup;
			children = (
				A2F8E6CA2C1944AA00AA109D /* Preview Assets.xcassets */,
			);
			path = "Preview Content";
			sourceTree = "<group>";
		};
/* End PBXGroup section */

/* Begin PBXNativeTarget section */
		A2F8E6BF2C1944A700AA109D /* Secalender */ = {
			isa = PBXNativeTarget;
			buildConfigurationList = A2F8E6CE2C1944AA00AA109D /* Build configuration list for PBXNativeTarget "Secalender" */;
			buildPhases = (
				A2F8E6BC2C1944A700AA109D /* Sources */,
				A2F8E6BD2C1944A700AA109D /* Frameworks */,
				A2F8E6BE2C1944A700AA109D /* Resources */,
			);
			buildRules = (
			);
			dependencies = (
			);
			name = Secalender;
			packageProductDependencies = (
				A2706CE22C1B264A004AB455 /* FirebaseAnalytics */,
				A2706CE42C1B264A004AB455 /* FirebaseAnalyticsSwift */,
				A2706CE72C1B2C54004AB455 /* FirebaseAuth */,
				A2669F1D2C2333EA000BEC6E /* GoogleSignIn */,
				A2669F1F2C2333EA000BEC6E /* GoogleSignInSwift */,
				A2AB94942C2EA0B200C4FF73 /* FirebaseFirestore */,
				A2AB94962C2EA0B200C4FF73 /* FirebaseFirestoreSwift */,
			);
			productName = Secalender;
			productReference = A2F8E6C02C1944A700AA109D /* Secalender.app */;
			productType = "com.apple.product-type.application";
		};
/* End PBXNativeTarget section */

/* Begin PBXProject section */
		A2F8E6B82C1944A700AA109D /* Project object */ = {
			isa = PBXProject;
			attributes = {
				BuildIndependentTargetsInParallel = 1;
				LastSwiftUpdateCheck = 1540;
				LastUpgradeCheck = 1540;
				TargetAttributes = {
					A2F8E6BF2C1944A700AA109D = {
						CreatedOnToolsVersion = 15.4;
					};
				};
			};
			buildConfigurationList = A2F8E6BB2C1944A700AA109D /* Build configuration list for PBXProject "Secalender" */;
			compatibilityVersion = "Xcode 14.0";
			developmentRegion = en;
			hasScannedForEncodings = 0;
			knownRegions = (
				en,
				Base,
			);
			mainGroup = A2F8E6B72C1944A700AA109D;
			packageReferences = (
				A2706CE12C1B264A004AB455 /* XCRemoteSwiftPackageReference "firebase-ios-sdk" */,
				A2669F1C2C2333EA000BEC6E /* XCRemoteSwiftPackageReference "GoogleSignIn-iOS" */,
			);
			productRefGroup = A2F8E6B72C1944A700AA109D;
			projectDirPath = "";
			projectRoot = "";
			targets = (
				A2F8E6BF2C1944A700AA109D /* Secalender */,
			);
		};
/* End PBXProject section */

/* Begin PBXResourcesBuildPhase section */
		A2F8E6BE2C1944A700AA109D /* Resources */ = {
			isa = PBXResourcesBuildPhase;
			buildActionMask = 2147483647;
			files = (
				A2F8E6CB2C1944AA00AA109D /* Preview Assets.xcassets in Resources */,
				A2F8E6C82C1944AA00AA109D /* Assets.xcassets in Resources */,
				A2706CE02C1B253A004AB455 /* GoogleService-Info.plist in Resources */,
			);
			runOnlyForDeploymentPostprocessing = 0;
		};
/* End PBXResourcesBuildPhase section */

/* Begin PBXSourcesBuildPhase section */
		A2F8E6BC2C1944A700AA109D /* Sources */ = {
			isa = PBXSourcesBuildPhase;
			buildActionMask = 2147483647;
			files = (
				A2E93C612C32ADEF00516E52 /* UserManager.swift in Sources */,
				A280B4FF2C295B2F00CC4A45 /* ActivityView.swift in Sources */,
				A2E93C5B2C3292EE00516E52 /* SignInEmailViewModel.swift in Sources */,
				A280B4FD2C295B1D00CC4A45 /* CalendarView.swift in Sources */,
				A2706CF72C1BF8A3004AB455 /* SettingsView.swift in Sources */,
				A2F8E6C62C1944A700AA109D /* ContentView.swift in Sources */,
				A2F8E6C42C1944A700AA109D /* SecalenderApp.swift in Sources */,
				A2706CF52C1BF335004AB455 /* RootView.swift in Sources */,
				A2E93C582C32928600516E52 /* AuthenticationViewModel.swift in Sources */,
				A280B5012C295C4F00CC4A45 /* MemberView.swift in Sources */,
				A2E93C5E2C32938E00516E52 /* ProfileView.swift in Sources */,
				A280B4FA2C291AE500CC4A45 /* SignInGoogleHelper.swift in Sources */,
				A2706CED2C1B2DDB004AB455 /* AuthenticationView.swift in Sources */,
				A2706CF12C1B36EC004AB455 /* AuthenticationManager.swift in Sources */,
				A2EDD8F52C2484B00098B31A /* Utilities.swift in Sources */,
				A2A2A65C2C2AAEE600247342 /* SignInAppleHelper.swift in Sources */,
				A2706CEF2C1B3093004AB455 /* SignInEmailView.swift in Sources */,
				A2E93C552C32920300516E52 /* SettingsViewModel.swift in Sources */,
			);
			runOnlyForDeploymentPostprocessing = 0;
		};
/* End PBXSourcesBuildPhase section */

/* Begin XCBuildConfiguration section */
		A2F8E6CC2C1944AA00AA109D /* Debug */ = {
			isa = XCBuildConfiguration;
			buildSettings = {
				ALWAYS_SEARCH_USER_PATHS = NO;
				ASSETCATALOG_COMPILER_GENERATE_SWIFT_ASSET_SYMBOL_EXTENSIONS = YES;
				CLANG_ANALYZER_NONNULL = YES;
				CLANG_ANALYZER_NUMBER_OBJECT_CONVERSION = YES_AGGRESSIVE;
				CLANG_CXX_LANGUAGE_STANDARD = "gnu++20";
				CLANG_ENABLE_MODULES = YES;
				CLANG_ENABLE_OBJC_ARC = YES;
				CLANG_ENABLE_OBJC_WEAK = YES;
				CLANG_WARN_BLOCK_CAPTURE_AUTORELEASING = YES;
				CLANG_WARN_BOOL_CONVERSION = YES;
				CLANG_WARN_COMMA = YES;
				CLANG_WARN_CONSTANT_CONVERSION = YES;
				CLANG_WARN_DEPRECATED_OBJC_IMPLEMENTATIONS = YES;
				CLANG_WARN_DIRECT_OBJC_ISA_USAGE = YES_ERROR;
				CLANG_WARN_DOCUMENTATION_COMMENTS = YES;
				CLANG_WARN_EMPTY_BODY = YES;
				CLANG_WARN_ENUM_CONVERSION = YES;
				CLANG_WARN_INFINITE_RECURSION = YES;
				CLANG_WARN_INT_CONVERSION = YES;
				CLANG_WARN_NON_LITERAL_NULL_CONVERSION = YES;
				CLANG_WARN_OBJC_IMPLICIT_RETAIN_SELF = YES;
				CLANG_WARN_OBJC_LITERAL_CONVERSION = YES;
				CLANG_WARN_OBJC_ROOT_CLASS = YES_ERROR;
				CLANG_WARN_QUOTED_INCLUDE_IN_FRAMEWORK_HEADER = YES;
				CLANG_WARN_RANGE_LOOP_ANALYSIS = YES;
				CLANG_WARN_STRICT_PROTOTYPES = YES;
				CLANG_WARN_SUSPICIOUS_MOVE = YES;
				CLANG_WARN_UNGUARDED_AVAILABILITY = YES_AGGRESSIVE;
				CLANG_WARN_UNREACHABLE_CODE = YES;
				CLANG_WARN__DUPLICATE_METHOD_MATCH = YES;
				COPY_PHASE_STRIP = NO;
				DEBUG_INFORMATION_FORMAT = dwarf;
				ENABLE_STRICT_OBJC_MSGSEND = YES;
				ENABLE_TESTABILITY = YES;
				ENABLE_USER_SCRIPT_SANDBOXING = YES;
				GCC_C_LANGUAGE_STANDARD = gnu17;
				GCC_DYNAMIC_NO_PIC = NO;
				GCC_NO_COMMON_BLOCKS = YES;
				GCC_OPTIMIZATION_LEVEL = 0;
				GCC_PREPROCESSOR_DEFINITIONS = (
					"DEBUG=1",
					"$(inherited)",
				);
				GCC_WARN_64_TO_32_BIT_CONVERSION = YES;
				GCC_WARN_ABOUT_RETURN_TYPE = YES_ERROR;
				GCC_WARN_UNDECLARED_SELECTOR = YES;
				GCC_WARN_UNINITIALIZED_AUTOS = YES_AGGRESSIVE;
				GCC_WARN_UNUSED_FUNCTION = YES;
				GCC_WARN_UNUSED_VARIABLE = YES;
				IPHONEOS_DEPLOYMENT_TARGET = 17.5;
				LOCALIZATION_PREFERS_STRING_CATALOGS = YES;
				MTL_ENABLE_DEBUG_INFO = INCLUDE_SOURCE;
				MTL_FAST_MATH = YES;
				ONLY_ACTIVE_ARCH = YES;
				SDKROOT = iphoneos;
				SWIFT_ACTIVE_COMPILATION_CONDITIONS = "DEBUG $(inherited)";
				SWIFT_OPTIMIZATION_LEVEL = "-Onone";
			};
			name = Debug;
		};
		A2F8E6CD2C1944AA00AA109D /* Release */ = {
			isa = XCBuildConfiguration;
			buildSettings = {
				ALWAYS_SEARCH_USER_PATHS = NO;
				ASSETCATALOG_COMPILER_GENERATE_SWIFT_ASSET_SYMBOL_EXTENSIONS = YES;
				CLANG_ANALYZER_NONNULL = YES;
				CLANG_ANALYZER_NUMBER_OBJECT_CONVERSION = YES_AGGRESSIVE;
				CLANG_CXX_LANGUAGE_STANDARD = "gnu++20";
				CLANG_ENABLE_MODULES = YES;
				CLANG_ENABLE_OBJC_ARC = YES;
				CLANG_ENABLE_OBJC_WEAK = YES;
				CLANG_WARN_BLOCK_CAPTURE_AUTORELEASING = YES;
				CLANG_WARN_BOOL_CONVERSION = YES;
				CLANG_WARN_COMMA = YES;
				CLANG_WARN_CONSTANT_CONVERSION = YES;
				CLANG_WARN_DEPRECATED_OBJC_IMPLEMENTATIONS = YES;
				CLANG_WARN_DIRECT_OBJC_ISA_USAGE = YES_ERROR;
				CLANG_WARN_DOCUMENTATION_COMMENTS = YES;
				CLANG_WARN_EMPTY_BODY = YES;
				CLANG_WARN_ENUM_CONVERSION = YES;
				CLANG_WARN_INFINITE_RECURSION = YES;
				CLANG_WARN_INT_CONVERSION = YES;
				CLANG_WARN_NON_LITERAL_NULL_CONVERSION = YES;
				CLANG_WARN_OBJC_IMPLICIT_RETAIN_SELF = YES;
				CLANG_WARN_OBJC_LITERAL_CONVERSION = YES;
				CLANG_WARN_OBJC_ROOT_CLASS = YES_ERROR;
				CLANG_WARN_QUOTED_INCLUDE_IN_FRAMEWORK_HEADER = YES;
				CLANG_WARN_RANGE_LOOP_ANALYSIS = YES;
				CLANG_WARN_STRICT_PROTOTYPES = YES;
				CLANG_WARN_SUSPICIOUS_MOVE = YES;
				CLANG_WARN_UNGUARDED_AVAILABILITY = YES_AGGRESSIVE;
				CLANG_WARN_UNREACHABLE_CODE = YES;
				CLANG_WARN__DUPLICATE_METHOD_MATCH = YES;
				COPY_PHASE_STRIP = NO;
				DEBUG_INFORMATION_FORMAT = "dwarf-with-dsym";
				ENABLE_NS_ASSERTIONS = NO;
				ENABLE_STRICT_OBJC_MSGSEND = YES;
				ENABLE_USER_SCRIPT_SANDBOXING = YES;
				GCC_C_LANGUAGE_STANDARD = gnu17;
				GCC_NO_COMMON_BLOCKS = YES;
				GCC_WARN_64_TO_32_BIT_CONVERSION = YES;
				GCC_WARN_ABOUT_RETURN_TYPE = YES_ERROR;
				GCC_WARN_UNDECLARED_SELECTOR = YES;
				GCC_WARN_UNINITIALIZED_AUTOS = YES_AGGRESSIVE;
				GCC_WARN_UNUSED_FUNCTION = YES;
				GCC_WARN_UNUSED_VARIABLE = YES;
				IPHONEOS_DEPLOYMENT_TARGET = 17.5;
				LOCALIZATION_PREFERS_STRING_CATALOGS = YES;
				MTL_ENABLE_DEBUG_INFO = NO;
				MTL_FAST_MATH = YES;
				SDKROOT = iphoneos;
				SWIFT_COMPILATION_MODE = wholemodule;
				VALIDATE_PRODUCT = YES;
			};
			name = Release;
		};
		A2F8E6CF2C1944AA00AA109D /* Debug */ = {
			isa = XCBuildConfiguration;
			buildSettings = {
				ASSETCATALOG_COMPILER_APPICON_NAME = AppIcon;
				ASSETCATALOG_COMPILER_GLOBAL_ACCENT_COLOR_NAME = AccentColor;
				CODE_SIGN_ENTITLEMENTS = Secalender/Secalender.entitlements;
				CODE_SIGN_STYLE = Automatic;
				CURRENT_PROJECT_VERSION = 1;
				DEVELOPMENT_ASSET_PATHS = "\"Secalender/Preview Content\"";
				DEVELOPMENT_TEAM = K6N38A5JS6;
				ENABLE_PREVIEWS = YES;
				GENERATE_INFOPLIST_FILE = YES;
				INFOPLIST_FILE = Secalender/Info.plist;
				INFOPLIST_KEY_UIApplicationSceneManifest_Generation = YES;
				INFOPLIST_KEY_UIApplicationSupportsIndirectInputEvents = YES;
				INFOPLIST_KEY_UILaunchScreen_Generation = YES;
				INFOPLIST_KEY_UISupportedInterfaceOrientations_iPad = "UIInterfaceOrientationPortrait UIInterfaceOrientationPortraitUpsideDown UIInterfaceOrientationLandscapeLeft UIInterfaceOrientationLandscapeRight";
				INFOPLIST_KEY_UISupportedInterfaceOrientations_iPhone = "UIInterfaceOrientationPortrait UIInterfaceOrientationLandscapeLeft UIInterfaceOrientationLandscapeRight";
				LD_RUNPATH_SEARCH_PATHS = (
					"$(inherited)",
					"@executable_path/Frameworks",
				);
				MARKETING_VERSION = 1.0;
				PRODUCT_BUNDLE_IDENTIFIER = "com.Lin-ping.Secalender";
				PRODUCT_NAME = "$(TARGET_NAME)";
				SWIFT_EMIT_LOC_STRINGS = YES;
				SWIFT_VERSION = 5.0;
				TARGETED_DEVICE_FAMILY = "1,2";
			};
			name = Debug;
		};
		A2F8E6D02C1944AA00AA109D /* Release */ = {
			isa = XCBuildConfiguration;
			buildSettings = {
				ASSETCATALOG_COMPILER_APPICON_NAME = AppIcon;
				ASSETCATALOG_COMPILER_GLOBAL_ACCENT_COLOR_NAME = AccentColor;
				CODE_SIGN_ENTITLEMENTS = Secalender/Secalender.entitlements;
				CODE_SIGN_STYLE = Automatic;
				CURRENT_PROJECT_VERSION = 1;
				DEVELOPMENT_ASSET_PATHS = "\"Secalender/Preview Content\"";
				DEVELOPMENT_TEAM = K6N38A5JS6;
				ENABLE_PREVIEWS = YES;
				GENERATE_INFOPLIST_FILE = YES;
				INFOPLIST_FILE = Secalender/Info.plist;
				INFOPLIST_KEY_UIApplicationSceneManifest_Generation = YES;
				INFOPLIST_KEY_UIApplicationSupportsIndirectInputEvents = YES;
				INFOPLIST_KEY_UILaunchScreen_Generation = YES;
				INFOPLIST_KEY_UISupportedInterfaceOrientations_iPad = "UIInterfaceOrientationPortrait UIInterfaceOrientationPortraitUpsideDown UIInterfaceOrientationLandscapeLeft UIInterfaceOrientationLandscapeRight";
				INFOPLIST_KEY_UISupportedInterfaceOrientations_iPhone = "UIInterfaceOrientationPortrait UIInterfaceOrientationLandscapeLeft UIInterfaceOrientationLandscapeRight";
				LD_RUNPATH_SEARCH_PATHS = (
					"$(inherited)",
					"@executable_path/Frameworks",
				);
				MARKETING_VERSION = 1.0;
				PRODUCT_BUNDLE_IDENTIFIER = "com.Lin-ping.Secalender";
				PRODUCT_NAME = "$(TARGET_NAME)";
				SWIFT_EMIT_LOC_STRINGS = YES;
				SWIFT_VERSION = 5.0;
				TARGETED_DEVICE_FAMILY = "1,2";
			};
			name = Release;
		};
/* End XCBuildConfiguration section */

/* Begin XCConfigurationList section */
		A2F8E6BB2C1944A700AA109D /* Build configuration list for PBXProject "Secalender" */ = {
			isa = XCConfigurationList;
			buildConfigurations = (
				A2F8E6CC2C1944AA00AA109D /* Debug */,
				A2F8E6CD2C1944AA00AA109D /* Release */,
			);
			defaultConfigurationIsVisible = 0;
			defaultConfigurationName = Release;
		};
		A2F8E6CE2C1944AA00AA109D /* Build configuration list for PBXNativeTarget "Secalender" */ = {
			isa = XCConfigurationList;
			buildConfigurations = (
				A2F8E6CF2C1944AA00AA109D /* Debug */,
				A2F8E6D02C1944AA00AA109D /* Release */,
			);
			defaultConfigurationIsVisible = 0;
			defaultConfigurationName = Release;
		};
/* End XCConfigurationList section */

/* Begin XCRemoteSwiftPackageReference section */
		A2669F1C2C2333EA000BEC6E /* XCRemoteSwiftPackageReference "GoogleSignIn-iOS" */ = {
			isa = XCRemoteSwiftPackageReference;
			repositoryURL = "https://github.com/google/GoogleSignIn-iOS.git";
			requirement = {
				kind = upToNextMajorVersion;
				minimumVersion = 7.1.0;
			};
		};
		A2706CE12C1B264A004AB455 /* XCRemoteSwiftPackageReference "firebase-ios-sdk" */ = {
			isa = XCRemoteSwiftPackageReference;
			repositoryURL = "https://github.com/firebase/firebase-ios-sdk.git";
			requirement = {
				kind = exactVersion;
				version = 10.27.0;
			};
		};
/* End XCRemoteSwiftPackageReference section */

/* Begin XCSwiftPackageProductDependency section */
		A2669F1D2C2333EA000BEC6E /* GoogleSignIn */ = {
			isa = XCSwiftPackageProductDependency;
			package = A2669F1C2C2333EA000BEC6E /* XCRemoteSwiftPackageReference "GoogleSignIn-iOS" */;
			productName = GoogleSignIn;
		};
		A2669F1F2C2333EA000BEC6E /* GoogleSignInSwift */ = {
			isa = XCSwiftPackageProductDependency;
			package = A2669F1C2C2333EA000BEC6E /* XCRemoteSwiftPackageReference "GoogleSignIn-iOS" */;
			productName = GoogleSignInSwift;
		};
		A2706CE22C1B264A004AB455 /* FirebaseAnalytics */ = {
			isa = XCSwiftPackageProductDependency;
			package = A2706CE12C1B264A004AB455 /* XCRemoteSwiftPackageReference "firebase-ios-sdk" */;
			productName = FirebaseAnalytics;
		};
		A2706CE42C1B264A004AB455 /* FirebaseAnalyticsSwift */ = {
			isa = XCSwiftPackageProductDependency;
			package = A2706CE12C1B264A004AB455 /* XCRemoteSwiftPackageReference "firebase-ios-sdk" */;
			productName = FirebaseAnalyticsSwift;
		};
		A2706CE72C1B2C54004AB455 /* FirebaseAuth */ = {
			isa = XCSwiftPackageProductDependency;
			package = A2706CE12C1B264A004AB455 /* XCRemoteSwiftPackageReference "firebase-ios-sdk" */;
			productName = FirebaseAuth;
		};
		A2AB94942C2EA0B200C4FF73 /* FirebaseFirestore */ = {
			isa = XCSwiftPackageProductDependency;
			package = A2706CE12C1B264A004AB455 /* XCRemoteSwiftPackageReference "firebase-ios-sdk" */;
			productName = FirebaseFirestore;
		};
		A2AB94962C2EA0B200C4FF73 /* FirebaseFirestoreSwift */ = {
			isa = XCSwiftPackageProductDependency;
			package = A2706CE12C1B264A004AB455 /* XCRemoteSwiftPackageReference "firebase-ios-sdk" */;
			productName = FirebaseFirestoreSwift;
		};
/* End XCSwiftPackageProductDependency section */
	};
	rootObject = A2F8E6B82C1944A700AA109D /* Project object */;
}
